version = 1
requires-python = "==3.12.*"

[[package]]
name = "filelock"
version = "3.32.2"
source = { registry = "https://pypi.org/simple" }
sdist = { url = "https://files.pythonhosted.org/packages/f6/57/3ba6e6cb097f85b855b00163d169f35365f44277df044dcf96d55b8f62a3/filelock-3.32.2.tar.gz", hash = "sha256:c33351e1f49cae33414acbc6d56784e6ecee82514ec90795da1161fc4836b5b8", size = 217172 }
wheels = [
    { url = "https://files.pythonhosted.org/packages/c1/e8/72f8cef9fdfeffe06213fe8508039396ee48daa0e3259457ed766173bfd6/filelock-3.32.2-py3-none-any.whl", hash = "sha256:87dd94cf281e586d135fa51132b8e3d9a598b316e90377a288663c9321036c82", size = 98830 },
]

[[package]]
name = "fsspec"
version = "2026.7.0"
source = { registry = "https://pypi.org/simple" }
sdist = { url = "https://files.pythonhosted.org/packages/00/78/f34251dadb8f3921264a1d9b8946f5e542014ee2614b285261b4e40e6775/fsspec-2026.7.0.tar.gz", hash = "sha256:c803c40f4cf860b49dea58ee3e1c33cb9c790520e233537e1340049f89b82a88", size = 317040 }
wheels = [
    { url = "https://files.pythonhosted.org/packages/fd/3c/6a2bf344106328fd04963664a60b9bb6496fc25df8e962fcdc1367285fb9/fsspec-2026.7.0-py3-none-any.whl", hash = "sha256:b57ddbafedfaef7018c1ecab32aa200a9d7ca26b77965f64e48b70061249d279", size = 206583 },
]

[[package]]
name = "jinja2"
version = "3.1.6"
source = { registry = "https://pypi.org/simple" }
dependencies = [
    { name = "markupsafe" },
]
sdist = { url = "https://files.pythonhosted.org/packages/df/bf/f7da0350254c0ed7c72f3e33cef02e048281fec7ecec5f032d4aac52226b/jinja2-3.1.6.tar.gz", hash = "sha256:0137fb05990d35f1275a587e9aee6d56da821fc83491a0fb838183be43f66d6d", size = 245115 }
wheels = [
    { url = "https://files.pythonhosted.org/packages/62/a1/3d680cbfd5f4b8f15abc1d571870c5fc3e594bb582bc3b64ea099db13e56/jinja2-3.1.6-py3-none-any.whl", hash = "sha256:85ece4451f492d0c13c5dd7c13a64681a86afae63a5f347908daf103ce6d2f67", size = 134899 },
]

[[package]]
name = "joblib"
version = "1.5.3"
source = { registry = "https://pypi.org/simple" }
sdist = { url = "https://files.pythonhosted.org/packages/41/f2/d34e8b3a08a9cc79a50b2208a93dce981fe615b64d5a4d4abee421d898df/joblib-1.5.3.tar.gz", hash = "sha256:8561a3269e6801106863fd0d6d84bb737be9e7631e33aaed3fb9ce5953688da3", size = 331603 }
wheels = [
    { url = "https://files.pythonhosted.org/packages/7b/91/984aca2ec129e2757d1e4e3c81c3fcda9d0f85b74670a094cc443d9ee949/joblib-1.5.3-py3-none-any.whl", hash = "sha256:5fc3c5039fc5ca8c0276333a188bbd59d6b7ab37fe6632daa76bc7f9ec18e713", size = 309071 },
]

[[package]]
name = "markupsafe"
version = "3.0.3"
source = { registry = "https://pypi.org/simple" }
sdist = { url = "https://files.pythonhosted.org/packages/7e/99/7690b6d4034fffd95959cbe0c02de8deb3098cc577c67bb6a24fe5d7caa7/markupsafe-3.0.3.tar.gz", hash = "sha256:722695808f4b6457b320fdc131280796bdceb04ab50fe1795cd540799ebe1698", size = 80313 }
wheels = [
    { url = "https://files.pythonhosted.org/packages/5a/72/147da192e38635ada20e0a2e1a51cf8823d2119ce8883f7053879c2199b5/markupsafe-3.0.3-cp312-cp312-macosx_10_13_x86_64.whl", hash = "sha256:d53197da72cc091b024dd97249dfc7794d6a56530370992a5e1a08983ad9230e", size = 11615 },
    { url = "https://files.pythonhosted.org/packages/9a/81/7e4e08678a1f98521201c3079f77db69fb552acd56067661f8c2f534a718/markupsafe-3.0.3-cp312-cp312-macosx_11_0_arm64.whl", hash = "sha256:1872df69a4de6aead3491198eaf13810b565bdbeec3ae2dc8780f14458ec73ce", size = 12020 },
    { url = "https://files.pythonhosted.org/packages/1e/2c/799f4742efc39633a1b54a92eec4082e4f815314869865d876824c257c1e/markupsafe-3.0.3-cp312-cp312-manylinux2014_aarch64.manylinux_2_17_aarch64.manylinux_2_28_aarch64.whl", hash = "sha256:3a7e8ae81ae39e62a41ec302f972ba6ae23a5c5396c8e60113e9066ef893da0d", size = 24332 },
    { url = "https://files.pythonhosted.org/packages/3c/2e/8d0c2ab90a8c1d9a24f0399058ab8519a3279d1bd4289511d74e909f060e/markupsafe-3.0.3-cp312-cp312-manylinux2014_x86_64.manylinux_2_17_x86_64.manylinux_2_28_x86_64.whl", hash = "sha256:d6dd0be5b5b189d31db7cda48b91d7e0a9795f31430b7f271219ab30f1d3ac9d", size = 22947 },
    { url = "https://files.pythonhosted.org/packages/2c/54/887f3092a85238093a0b2154bd629c89444f395618842e8b0c41783898ea/markupsafe-3.0.3-cp312-cp312-manylinux_2_31_riscv64.manylinux_2_39_riscv64.whl", hash = "sha256:94c6f0bb423f739146aec64595853541634bde58b2135f27f61c1ffd1cd4d16a", size = 21962 },
    { url = "https://files.pythonhosted.org/packages/c9/2f/336b8c7b6f4a4d95e91119dc8521402461b74a485558d8f238a68312f11c/markupsafe-3.0.3-cp312-cp312-musllinux_1_2_aarch64.whl", hash = "sha256:be8813b57049a7dc738189df53d69395eba14fb99345e0a5994914a3864c8a4b", size = 23760 },
    { url = "https://files.pythonhosted.org/packages/32/43/67935f2b7e4982ffb50a4d169b724d74b62a3964bc1a9a527f5ac4f1ee2b/markupsafe-3.0.3-cp312-cp312-musllinux_1_2_riscv64.whl", hash = "sha256:83891d0e9fb81a825d9a6d61e3f07550ca70a076484292a70fde82c4b807286f", size = 21529 },
    { url = "https://files.pythonhosted.org/packages/89/e0/4486f11e51bbba8b0c041098859e869e304d1c261e59244baa3d295d47b7/markupsafe-3.0.3-cp312-cp312-musllinux_1_2_x86_64.whl", hash = "sha256:77f0643abe7495da77fb436f50f8dab76dbc6e5fd25d39589a0f1fe6548bfa2b", size = 23015 },
    { url = "https://files.pythonhosted.org/packages/2f/e1/78ee7a023dac597a5825441ebd17170785a9dab23de95d2c7508ade94e0e/markupsafe-3.0.3-cp312-cp312-win32.whl", hash = "sha256:d88b440e37a16e651bda4c7c2b930eb586fd15ca7406cb39e211fcff3bf3017d", size = 14540 },
    { url = "https://files.pythonhosted.org/packages/aa/5b/bec5aa9bbbb2c946ca2733ef9c4ca91c91b6a24580193e891b5f7dbe8e1e/markupsafe-3.0.3-cp312-cp312-win_amd64.whl", hash = "sha256:26a5784ded40c9e318cfc2bdb30fe164bdb8665ded9cd64d500a34fb42067b1c", size = 15105 },
    { url = "https://files.pythonhosted.org/packages/e5/f1/216fc1bbfd74011693a4fd837e7026152e89c4bcf3e77b6692fba9923123/markupsafe-3.0.3-cp312-cp312-win_arm64.whl", hash = "sha256:35add3b638a5d900e807944a078b51922212fb3dedb01633a8defc4b01a3c85f", size = 13906 },
]

[[package]]
name = "mpmath"
version = "1.3.0"
source = { registry = "https://pypi.org/simple" }
sdist = { url = "https://files.pythonhosted.org/packages/e0/47/dd32fa426cc72114383ac549964eecb20ecfd886d1e5ccf5340b55b02f57/mpmath-1.3.0.tar.gz", hash = "sha256:7a28eb2a9774d00c7bc92411c19a89209d5da7c4c9a9e227be8330a23a25b91f", size = 508106 }
wheels = [
    { url = "https://files.pythonhosted.org/packages/43/e3/7d92a15f894aa0c9c4b49b8ee9ac9850d6e63b03c9c32c0367a13ae62209/mpmath-1.3.0-py3-none-any.whl", hash = "sha256:a0b2b9fe80bbcd81a6647ff13108738cfb482d481d826cc0e02f5b35e5c88d2c", size = 536198 },
]

[[package]]
name = "networkx"
version = "3.6.1"
source = { registry = "https://pypi.org/simple" }
sdist = { url = "https://files.pythonhosted.org/packages/6a/51/63fe664f3908c97be9d2e4f1158eb633317598cfa6e1fc14af5383f17512/networkx-3.6.1.tar.gz", hash = "sha256:26b7c357accc0c8cde558ad486283728b65b6a95d85ee1cd66bafab4c8168509", size = 2517025 }
wheels = [
    { url = "https://files.pythonhosted.org/packages/9e/c9/b2622292ea83fbb4ec318f5b9ab867d0a28ab43c5717bb85b0a5f6b3b0a4/networkx-3.6.1-py3-none-any.whl", hash = "sha256:d47fbf302e7d9cbbb9e2555a0d267983d2aa476bac30e90dfbe5669bd57f3762", size = 2068504 },
]

[[package]]
name = "numpy"
version = "2.1.3"
source = { registry = "https://pypi.org/simple" }
sdist = { url = "https://files.pythonhosted.org/packages/25/ca/1166b75c21abd1da445b97bf1fa2f14f423c6cfb4fc7c4ef31dccf9f6a94/numpy-2.1.3.tar.gz", hash = "sha256:aa08e04e08aaf974d4458def539dece0d28146d866a39da5639596f4921fd761", size = 20166090 }
wheels = [
    { url = "https://files.pythonhosted.org/packages/8a/f0/385eb9970309643cbca4fc6eebc8bb16e560de129c91258dfaa18498da8b/numpy-2.1.3-cp312-cp312-macosx_10_13_x86_64.whl", hash = "sha256:f55ba01150f52b1027829b50d70ef1dafd9821ea82905b63936668403c3b471e", size = 20849658 },
    { url = "https://files.pythonhosted.org/packages/54/4a/765b4607f0fecbb239638d610d04ec0a0ded9b4951c56dc68cef79026abf/numpy-2.1.3-cp312-cp312-macosx_11_0_arm64.whl", hash = "sha256:13138eadd4f4da03074851a698ffa7e405f41a0845a6b1ad135b81596e4e9958", size = 13492258 },
    { url = "https://files.pythonhosted.org/packages/bd/a7/2332679479c70b68dccbf4a8eb9c9b5ee383164b161bee9284ac141fbd33/numpy-2.1.3-cp312-cp312-macosx_14_0_arm64.whl", hash = "sha256:a6b46587b14b888e95e4a24d7b13ae91fa22386c199ee7b418f449032b2fa3b8", size = 5090249 },
    { url = "https://files.pythonhosted.org/packages/c1/67/4aa00316b3b981a822c7a239d3a8135be2a6945d1fd11d0efb25d361711a/numpy-2.1.3-cp312-cp312-macosx_14_0_x86_64.whl", hash = "sha256:0fa14563cc46422e99daef53d725d0c326e99e468a9320a240affffe87852564", size = 6621704 },
    { url = "https://files.pythonhosted.org/packages/5e/da/1a429ae58b3b6c364eeec93bf044c532f2ff7b48a52e41050896cf15d5b1/numpy-2.1.3-cp312-cp312-manylinux_2_17_aarch64.manylinux2014_aarch64.whl", hash = "sha256:8637dcd2caa676e475503d1f8fdb327bc495554e10838019651b76d17b98e512", size = 13606089 },
    { url = "https://files.pythonhosted.org/packages/9e/3e/3757f304c704f2f0294a6b8340fcf2be244038be07da4cccf390fa678a9f/numpy-2.1.3-cp312-cp312-manylinux_2_17_x86_64.manylinux2014_x86_64.whl", hash = "sha256:2312b2aa89e1f43ecea6da6ea9a810d06aae08321609d8dc0d0eda6d946a541b", size = 16043185 },
    { url = "https://files.pythonhosted.org/packages/43/97/75329c28fea3113d00c8d2daf9bc5828d58d78ed661d8e05e234f86f0f6d/numpy-2.1.3-cp312-cp312-musllinux_1_1_x86_64.whl", hash = "sha256:a38c19106902bb19351b83802531fea19dee18e5b37b36454f27f11ff956f7fc", size = 16410751 },
    { url = "https://files.pythonhosted.org/packages/ad/7a/442965e98b34e0ae9da319f075b387bcb9a1e0658276cc63adb8c9686f7b/numpy-2.1.3-cp312-cp312-musllinux_1_2_aarch64.whl", hash = "sha256:02135ade8b8a84011cbb67dc44e07c58f28575cf9ecf8ab304e51c05528c19f0", size = 14082705 },
    { url = "https://files.pythonhosted.org/packages/ac/b6/26108cf2cfa5c7e03fb969b595c93131eab4a399762b51ce9ebec2332e80/numpy-2.1.3-cp312-cp312-win32.whl", hash = "sha256:e6988e90fcf617da2b5c78902fe8e668361b43b4fe26dbf2d7b0f8034d4cafb9", size = 6239077 },
    { url = "https://files.pythonhosted.org/packages/a6/84/fa11dad3404b7634aaab50733581ce11e5350383311ea7a7010f464c0170/numpy-2.1.3-cp312-cp312-win_amd64.whl", hash = "sha256:0d30c543f02e84e92c4b1f415b7c6b5326cbe45ee7882b6b77db7195fb971e3a", size = 12566858 },
]

[[package]]
name = "random-reproducibility"
version = "0.1.0"
source = { virtual = "." }
dependencies = [
    { name = "numpy" },
    { name = "scikit-learn" },
    { name = "scipy" },
    { name = "threadpoolctl" },
    { name = "torch" },
]

[package.metadata]
requires-dist = [
    { name = "numpy", specifier = "==2.1.3" },
    { name = "scikit-learn", specifier = "==1.5.2" },
    { name = "scipy", specifier = "==1.14.1" },
    { name = "threadpoolctl", specifier = ">=3.5.0" },
    { name = "torch", specifier = "==2.5.1", index = "https://download.pytorch.org/whl/cpu" },
]

[[package]]
name = "scikit-learn"
version = "1.5.2"
source = { registry = "https://pypi.org/simple" }
dependencies = [
    { name = "joblib" },
    { name = "numpy" },
    { name = "scipy" },
    { name = "threadpoolctl" },
]
sdist = { url = "https://files.pythonhosted.org/packages/37/59/44985a2bdc95c74e34fef3d10cb5d93ce13b0e2a7baefffe1b53853b502d/scikit_learn-1.5.2.tar.gz", hash = "sha256:b4237ed7b3fdd0a4882792e68ef2545d5baa50aca3bb45aa7df468138ad8f94d", size = 7001680 }
wheels = [
    { url = "https://files.pythonhosted.org/packages/a4/db/b485c1ac54ff3bd9e7e6b39d3cc6609c4c76a65f52ab0a7b22b6c3ab0e9d/scikit_learn-1.5.2-cp312-cp312-macosx_10_9_x86_64.whl", hash = "sha256:f932a02c3f4956dfb981391ab24bda1dbd90fe3d628e4b42caef3e041c67707a", size = 12110344 },
    { url = "https://files.pythonhosted.org/packages/54/1a/7deb52fa23aebb855431ad659b3c6a2e1709ece582cb3a63d66905e735fe/scikit_learn-1.5.2-cp312-cp312-macosx_12_0_arm64.whl", hash = "sha256:3b923d119d65b7bd555c73be5423bf06c0105678ce7e1f558cb4b40b0a5502b1", size = 11033502 },
    { url = "https://files.pythonhosted.org/packages/a1/32/4a7a205b14c11225609b75b28402c196e4396ac754dab6a81971b811781c/scikit_learn-1.5.2-cp312-cp312-manylinux_2_17_aarch64.manylinux2014_aarch64.whl", hash = "sha256:f60021ec1574e56632be2a36b946f8143bf4e5e6af4a06d85281adc22938e0dd", size = 12085794 },
    { url = "https://files.pythonhosted.org/packages/c6/29/044048c5e911373827c0e1d3051321b9183b2a4f8d4e2f11c08fcff83f13/scikit_learn-1.5.2-cp312-cp312-manylinux_2_17_x86_64.manylinux2014_x86_64.whl", hash = "sha256:394397841449853c2290a32050382edaec3da89e35b3e03d6cc966aebc6a8ae6", size = 12945797 },
    { url = "https://files.pythonhosted.org/packages/aa/ce/c0b912f2f31aeb1b756a6ba56bcd84dd1f8a148470526a48515a3f4d48cd/scikit_learn-1.5.2-cp312-cp312-win_amd64.whl", hash = "sha256:57cc1786cfd6bd118220a92ede80270132aa353647684efa385a74244a41e3b1", size = 10985467 },
]

[[package]]
name = "scipy"
version = "1.14.1"
source = { registry = "https://pypi.org/simple" }
dependencies = [
    { name = "numpy" },
]
sdist = { url = "https://files.pythonhosted.org/packages/62/11/4d44a1f274e002784e4dbdb81e0ea96d2de2d1045b2132d5af62cc31fd28/scipy-1.14.1.tar.gz", hash = "sha256:5a275584e726026a5699459aa72f828a610821006228e841b94275c4a7c08417", size = 58620554 }
wheels = [
    { url = "https://files.pythonhosted.org/packages/c0/04/2bdacc8ac6387b15db6faa40295f8bd25eccf33f1f13e68a72dc3c60a99e/scipy-1.14.1-cp312-cp312-macosx_10_13_x86_64.whl", hash = "sha256:631f07b3734d34aced009aaf6fedfd0eb3498a97e581c3b1e5f14a04164a456d", size = 39128781 },
    { url = "https://files.pythonhosted.org/packages/c8/53/35b4d41f5fd42f5781dbd0dd6c05d35ba8aa75c84ecddc7d44756cd8da2e/scipy-1.14.1-cp312-cp312-macosx_12_0_arm64.whl", hash = "sha256:af29a935803cc707ab2ed7791c44288a682f9c8107bc00f0eccc4f92c08d6e07", size = 29939542 },
    { url = "https://files.pythonhosted.org/packages/66/67/6ef192e0e4d77b20cc33a01e743b00bc9e68fb83b88e06e636d2619a8767/scipy-1.14.1-cp312-cp312-macosx_14_0_arm64.whl", hash = "sha256:2843f2d527d9eebec9a43e6b406fb7266f3af25a751aa91d62ff416f54170bc5", size = 23148375 },
    { url = "https://files.pythonhosted.org/packages/f6/32/3a6dedd51d68eb7b8e7dc7947d5d841bcb699f1bf4463639554986f4d782/scipy-1.14.1-cp312-cp312-macosx_14_0_x86_64.whl", hash = "sha256:eb58ca0abd96911932f688528977858681a59d61a7ce908ffd355957f7025cfc", size = 25578573 },
    { url = "https://files.pythonhosted.org/packages/f0/5a/efa92a58dc3a2898705f1dc9dbaf390ca7d4fba26d6ab8cfffb0c72f656f/scipy-1.14.1-cp312-cp312-manylinux_2_17_aarch64.manylinux2014_aarch64.whl", hash = "sha256:30ac8812c1d2aab7131a79ba62933a2a76f582d5dbbc695192453dae67ad6310", size = 35319299 },
    { url = "https://files.pythonhosted.org/packages/8e/ee/8a26858ca517e9c64f84b4c7734b89bda8e63bec85c3d2f432d225bb1886/scipy-1.14.1-cp312-cp312-manylinux_2_17_x86_64.manylinux2014_x86_64.whl", hash = "sha256:8f9ea80f2e65bdaa0b7627fb00cbeb2daf163caa015e59b7516395fe3bd1e066", size = 40849331 },
    { url = "https://files.pythonhosted.org/packages/a5/cd/06f72bc9187840f1c99e1a8750aad4216fc7dfdd7df46e6280add14b4822/scipy-1.14.1-cp312-cp312-musllinux_1_2_x86_64.whl", hash = "sha256:edaf02b82cd7639db00dbff629995ef185c8df4c3ffa71a5562a595765a06ce1", size = 42544049 },
    { url = "https://files.pythonhosted.org/packages/aa/7d/43ab67228ef98c6b5dd42ab386eae2d7877036970a0d7e3dd3eb47a0d530/scipy-1.14.1-cp312-cp312-win_amd64.whl", hash = "sha256:2ff38e22128e6c03ff73b6bb0f85f897d2362f8c052e3b8ad00532198fbdae3f", size = 44521212 },
]

[[package]]
name = "setuptools"
version = "83.0.0"
source = { registry = "https://pypi.org/simple" }
sdist = { url = "https://files.pythonhosted.org/packages/34/26/f5d29e25ffdb535afef2d35cdb55b325298f96debd670da4c325e08d70f4/setuptools-83.0.0.tar.gz", hash = "sha256:025bccbbf0fa05b6192bc64ae1e7b16e001fd6d6d4d5de03c97b1c1ade523bef", size = 1154254 }
wheels = [
    { url = "https://files.pythonhosted.org/packages/5d/40/e1e72872c6354b306daef1703549e8e83b4d43cfea356311bf722a043752/setuptools-83.0.0-py3-none-any.whl", hash = "sha256:29b23c360f22f414dc7336bb39178cc7bcbf6021ed2733cde173f09dba19abb3", size = 1008090 },
]

[[package]]
name = "sympy"
version = "1.13.1"
source = { registry = "https://pypi.org/simple" }
dependencies = [
    { name = "mpmath" },
]
sdist = { url = "https://files.pythonhosted.org/packages/ca/99/5a5b6f19ff9f083671ddf7b9632028436167cd3d33e11015754e41b249a4/sympy-1.13.1.tar.gz", hash = "sha256:9cebf7e04ff162015ce31c9c6c9144daa34a93bd082f54fd8f12deca4f47515f", size = 7533040 }
wheels = [
    { url = "https://files.pythonhosted.org/packages/b2/fe/81695a1aa331a842b582453b605175f419fe8540355886031328089d840a/sympy-1.13.1-py3-none-any.whl", hash = "sha256:db36cdc64bf61b9b24578b6f7bab1ecdd2452cf008f34faa33776680c26d66f8", size = 6189177 },
]

[[package]]
name = "threadpoolctl"
version = "3.6.0"
source = { registry = "https://pypi.org/simple" }
sdist = { url = "https://files.pythonhosted.org/packages/b7/4d/08c89e34946fce2aec4fbb45c9016efd5f4d7f24af8e5d93296e935631d8/threadpoolctl-3.6.0.tar.gz", hash = "sha256:8ab8b4aa3491d812b623328249fab5302a68d2d71745c8a4c719a2fcaba9f44e", size = 21274 }
wheels = [
    { url = "https://files.pythonhosted.org/packages/32/d5/f9a850d79b0851d1d4ef6456097579a9005b31fea68726a4ae5f2d82ddd9/threadpoolctl-3.6.0-py3-none-any.whl", hash = "sha256:43a0b8fd5a2928500110039e43a5eed8480b918967083ea48dc3ab9f13c4a7fb", size = 18638 },
]

[[package]]
name = "torch"
version = "2.5.1+cpu"
source = { registry = "https://download.pytorch.org/whl/cpu" }
dependencies = [
    { name = "filelock" },
    { name = "fsspec" },
    { name = "jinja2" },
    { name = "networkx" },
    { name = "setuptools" },
    { name = "sympy" },
    { name = "typing-extensions" },
]
wheels = [
    { url = "https://download-r2.pytorch.org/whl/cpu/torch-2.5.1%2Bcpu-cp312-cp312-linux_x86_64.whl", hash = "sha256:4856f9d6925121d13c2df07aa7580b767f449dfe71ae5acde9c27535d5da4840" },
    { url = "https://download-r2.pytorch.org/whl/cpu/torch-2.5.1%2Bcpu-cp312-cp312-win_amd64.whl", hash = "sha256:a6b720410350765d3d77c01a5ce098a6c45af446284e45e87a98b8a16e7d564d" },
]

[[package]]
name = "typing-extensions"
version = "4.16.0"
source = { registry = "https://pypi.org/simple" }
sdist = { url = "https://files.pythonhosted.org/packages/f6/cc/6253133b5bb138fc3306cebfbda2c520f545d36b5be2c7255cc528bb45d6/typing_extensions-4.16.0.tar.gz", hash = "sha256:dc983d19a509c94dba722ee6abd33940f7c05a89e243c47e907eb4db6f1a43e5", size = 113555 }
wheels = [
    { url = "https://files.pythonhosted.org/packages/49/d3/b8441a820a491ddfc024b0b0cf0393375b75ea13866d9c66727e54c2fc80/typing_extensions-4.16.0-py3-none-any.whl", hash = "sha256:481caa481374e813c1b176ada14e97f1f67a4539ce9cfeb3f350d78d6370c2e8", size = 45571 },
]
